// !$*UTF8*$!
{
	archiveVersion = 1;
	classes = {
	};
	objectVersion = 50;
	objects = {

/* Begin PBXBuildFile section */
		31280E9921AD3322008FDDEF /* AJAlertController.xib in Resources */ = {isa = PBXBuildFile; fileRef = 31280E9521AD3321008FDDEF /* AJAlertController.xib */; };
		31280E9C21AD3322008FDDEF /* AJAlertController.swift in Sources */ = {isa = PBXBuildFile; fileRef = 31280E9821AD3321008FDDEF /* AJAlertController.swift */; };
		3169FE1621AE785C000E01A4 /* FAQ.swift in Sources */ = {isa = PBXBuildFile; fileRef = 3169FE1521AE785C000E01A4 /* FAQ.swift */; };
		3169FE1921AE79E6000E01A4 /* FAQTableCell.swift in Sources */ = {isa = PBXBuildFile; fileRef = 3169FE1721AE79E6000E01A4 /* FAQTableCell.swift */; };
		3169FE1A21AE79E6000E01A4 /* FAQTableCell.xib in Resources */ = {isa = PBXBuildFile; fileRef = 3169FE1821AE79E6000E01A4 /* FAQTableCell.xib */; };
		3169FE1D21AFBBBD000E01A4 /* Manager.swift in Sources */ = {isa = PBXBuildFile; fileRef = 3169FE1C21AFBBBD000E01A4 /* Manager.swift */; };
		3169FE1F21AFDB0E000E01A4 /* Const3.swift in Sources */ = {isa = PBXBuildFile; fileRef = 3169FE1E21AFDB0E000E01A4 /* Const3.swift */; };
		31A5F49F21BB5DF700488A1D /* Const4.swift in Sources */ = {isa = PBXBuildFile; fileRef = 31A5F49E21BB5DF700488A1D /* Const4.swift */; };
		31DB92E521A7EC9000A2B6AF /* AppDelegate.swift in Sources */ = {isa = PBXBuildFile; fileRef = 31DB92E421A7EC9000A2B6AF /* AppDelegate.swift */; };
		31DB92E721A7EC9000A2B6AF /* ViewController.swift in Sources */ = {isa = PBXBuildFile; fileRef = 31DB92E621A7EC9000A2B6AF /* ViewController.swift */; };
		31DB92EA21A7EC9000A2B6AF /* Main.storyboard in Resources */ = {isa = PBXBuildFile; fileRef = 31DB92E821A7EC9000A2B6AF /* Main.storyboard */; };
		31DB92EF21A7EC9200A2B6AF /* LaunchScreen.storyboard in Resources */ = {isa = PBXBuildFile; fileRef = 31DB92ED21A7EC9200A2B6AF /* LaunchScreen.storyboard */; };
		31DB92F721A7F23C00A2B6AF /* GoogleService-Info.plist in Resources */ = {isa = PBXBuildFile; fileRef = 31DB92F621A7F23C00A2B6AF /* GoogleService-Info.plist */; };
		31DB92F921A7F62D00A2B6AF /* Home.swift in Sources */ = {isa = PBXBuildFile; fileRef = 31DB92F821A7F62D00A2B6AF /* Home.swift */; };
		31DB92FB21A7F64C00A2B6AF /* Login.swift in Sources */ = {isa = PBXBuildFile; fileRef = 31DB92FA21A7F64C00A2B6AF /* Login.swift */; };
		31DB92FD21A7F66600A2B6AF /* Setting.swift in Sources */ = {isa = PBXBuildFile; fileRef = 31DB92FC21A7F66600A2B6AF /* Setting.swift */; };
		31DB92FF21A7F6C800A2B6AF /* Post.swift in Sources */ = {isa = PBXBuildFile; fileRef = 31DB92FE21A7F6C800A2B6AF /* Post.swift */; };
		31DB930121A7F6EC00A2B6AF /* Request.swift in Sources */ = {isa = PBXBuildFile; fileRef = 31DB930021A7F6EC00A2B6AF /* Request.swift */; };
		31DB930321A8388800A2B6AF /* Initial.swift in Sources */ = {isa = PBXBuildFile; fileRef = 31DB930221A8388800A2B6AF /* Initial.swift */; };
		31DB930521A8D94900A2B6AF /* PostData.swift in Sources */ = {isa = PBXBuildFile; fileRef = 31DB930421A8D94900A2B6AF /* PostData.swift */; };
		31DB930821A8DB4400A2B6AF /* PostTableCell.swift in Sources */ = {isa = PBXBuildFile; fileRef = 31DB930621A8DB4400A2B6AF /* PostTableCell.swift */; };
		31DB930921A8DB4400A2B6AF /* PostTableCell.xib in Resources */ = {isa = PBXBuildFile; fileRef = 31DB930721A8DB4400A2B6AF /* PostTableCell.xib */; };
		31DB930B21A8E97500A2B6AF /* Const.swift in Sources */ = {isa = PBXBuildFile; fileRef = 31DB930A21A8E97500A2B6AF /* Const.swift */; };
		31DB930D21A8FE0500A2B6AF /* Revise.swift in Sources */ = {isa = PBXBuildFile; fileRef = 31DB930C21A8FE0500A2B6AF /* Revise.swift */; };
		31DB930F21A903DB00A2B6AF /* NewPost.swift in Sources */ = {isa = PBXBuildFile; fileRef = 31DB930E21A903DB00A2B6AF /* NewPost.swift */; };
		31DB931321A916A100A2B6AF /* Assets.xcassets in Resources */ = {isa = PBXBuildFile; fileRef = 31DB931221A916A100A2B6AF /* Assets.xcassets */; };
		31DB931521A916B400A2B6AF /* Images.xcassets in Resources */ = {isa = PBXBuildFile; fileRef = 31DB931421A916B300A2B6AF /* Images.xcassets */; };
		31EC171321AE43A70033E1F1 /* Const2.swift in Sources */ = {isa = PBXBuildFile; fileRef = 31EC171221AE43A70033E1F1 /* Const2.swift */; };
		9ED7BC96C7D7B2B31556E273 /* Pods_RugRug.framework in Frameworks */ = {isa = PBXBuildFile; fileRef = B622C86550B85A948A5E0674 /* Pods_RugRug.framework */; };
/* End PBXBuildFile section */

/* Begin PBXFileReference section */
		31280E9521AD3321008FDDEF /* AJAlertController.xib */ = {isa = PBXFileReference; fileEncoding = 4; lastKnownFileType = file.xib; path = AJAlertController.xib; sourceTree = "<group>"; };
		31280E9821AD3321008FDDEF /* AJAlertController.swift */ = {isa = PBXFileReference; fileEncoding = 4; lastKnownFileType = sourcecode.swift; path = AJAlertController.swift; sourceTree = "<group>"; };
		3169FE1521AE785C000E01A4 /* FAQ.swift */ = {isa = PBXFileReference; lastKnownFileType = sourcecode.swift; path = FAQ.swift; sourceTree = "<group>"; };
		3169FE1721AE79E6000E01A4 /* FAQTableCell.swift */ = {isa = PBXFileReference; lastKnownFileType = sourcecode.swift; path = FAQTableCell.swift; sourceTree = "<group>"; };
		3169FE1821AE79E6000E01A4 /* FAQTableCell.xib */ = {isa = PBXFileReference; lastKnownFileType = file.xib; path = FAQTableCell.xib; sourceTree = "<group>"; };
		3169FE1B21AF5CD9000E01A4 /* RugRug-Bridging-Header.h */ = {isa = PBXFileReference; lastKnownFileType = sourcecode.c.h; path = "RugRug-Bridging-Header.h"; sourceTree = "<group>"; };
		3169FE1C21AFBBBD000E01A4 /* Manager.swift */ = {isa = PBXFileReference; lastKnownFileType = sourcecode.swift; path = Manager.swift; sourceTree = "<group>"; };
		3169FE1E21AFDB0E000E01A4 /* Const3.swift */ = {isa = PBXFileReference; lastKnownFileType = sourcecode.swift; path = Const3.swift; sourceTree = "<group>"; };
		31A5F49E21BB5DF700488A1D /* Const4.swift */ = {isa = PBXFileReference; lastKnownFileType = sourcecode.swift; path = Const4.swift; sourceTree = "<group>"; };
		31DB92E121A7EC9000A2B6AF /* RugRug.app */ = {isa = PBXFileReference; explicitFileType = wrapper.application; includeInIndex = 0; path = RugRug.app; sourceTree = BUILT_PRODUCTS_DIR; };
		31DB92E421A7EC9000A2B6AF /* AppDelegate.swift */ = {isa = PBXFileReference; lastKnownFileType = sourcecode.swift; path = AppDelegate.swift; sourceTree = "<group>"; };
		31DB92E621A7EC9000A2B6AF /* ViewController.swift */ = {isa = PBXFileReference; lastKnownFileType = sourcecode.swift; path = ViewController.swift; sourceTree = "<group>"; };
		31DB92E921A7EC9000A2B6AF /* Base */ = {isa = PBXFileReference; lastKnownFileType = file.storyboard; name = Base; path = Base.lproj/Main.storyboard; sourceTree = "<group>"; };
		31DB92EE21A7EC9200A2B6AF /* Base */ = {isa = PBXFileReference; lastKnownFileType = file.storyboard; name = Base; path = Base.lproj/LaunchScreen.storyboard; sourceTree = "<group>"; };
		31DB92F021A7EC9200A2B6AF /* Info.plist */ = {isa = PBXFileReference; lastKnownFileType = text.plist.xml; path = Info.plist; sourceTree = "<group>"; };
		31DB92F621A7F23C00A2B6AF /* GoogleService-Info.plist */ = {isa = PBXFileReference; fileEncoding = 4; lastKnownFileType = text.plist.xml; path = "GoogleService-Info.plist"; sourceTree = "<group>"; };
		31DB92F821A7F62D00A2B6AF /* Home.swift */ = {isa = PBXFileReference; lastKnownFileType = sourcecode.swift; path = Home.swift; sourceTree = "<group>"; };
		31DB92FA21A7F64C00A2B6AF /* Login.swift */ = {isa = PBXFileReference; lastKnownFileType = sourcecode.swift; path = Login.swift; sourceTree = "<group>"; };
		31DB92FC21A7F66600A2B6AF /* Setting.swift */ = {isa = PBXFileReference; lastKnownFileType = sourcecode.swift; path = Setting.swift; sourceTree = "<group>"; };
		31DB92FE21A7F6C800A2B6AF /* Post.swift */ = {isa = PBXFileReference; lastKnownFileType = sourcecode.swift; path = Post.swift; sourceTree = "<group>"; };
		31DB930021A7F6EC00A2B6AF /* Request.swift */ = {isa = PBXFileReference; lastKnownFileType = sourcecode.swift; path = Request.swift; sourceTree = "<group>"; };
		31DB930221A8388800A2B6AF /* Initial.swift */ = {isa = PBXFileReference; lastKnownFileType = sourcecode.swift; path = Initial.swift; sourceTree = "<group>"; };
		31DB930421A8D94900A2B6AF /* PostData.swift */ = {isa = PBXFileReference; lastKnownFileType = sourcecode.swift; path = PostData.swift; sourceTree = "<group>"; };
		31DB930621A8DB4400A2B6AF /* PostTableCell.swift */ = {isa = PBXFileReference; lastKnownFileType = sourcecode.swift; path = PostTableCell.swift; sourceTree = "<group>"; };
		31DB930721A8DB4400A2B6AF /* PostTableCell.xib */ = {isa = PBXFileReference; lastKnownFileType = file.xib; path = PostTableCell.xib; sourceTree = "<group>"; };
		31DB930A21A8E97500A2B6AF /* Const.swift */ = {isa = PBXFileReference; lastKnownFileType = sourcecode.swift; path = Const.swift; sourceTree = "<group>"; };
		31DB930C21A8FE0500A2B6AF /* Revise.swift */ = {isa = PBXFileReference; lastKnownFileType = sourcecode.swift; path = Revise.swift; sourceTree = "<group>"; };
		31DB930E21A903DB00A2B6AF /* NewPost.swift */ = {isa = PBXFileReference; lastKnownFileType = sourcecode.swift; path = NewPost.swift; sourceTree = "<group>"; };
		31DB931221A916A100A2B6AF /* Assets.xcassets */ = {isa = PBXFileReference; lastKnownFileType = folder.assetcatalog; path = Assets.xcassets; sourceTree = "<group>"; };
		31DB931421A916B300A2B6AF /* Images.xcassets */ = {isa = PBXFileReference; lastKnownFileType = folder.assetcatalog; path = Images.xcassets; sourceTree = "<group>"; };
		31EC171221AE43A70033E1F1 /* Const2.swift */ = {isa = PBXFileReference; lastKnownFileType = sourcecode.swift; path = Const2.swift; sourceTree = "<group>"; };
		9748BEB0414ED82A1AF84D38 /* Pods-RugRug.debug.xcconfig */ = {isa = PBXFileReference; includeInIndex = 1; lastKnownFileType = text.xcconfig; name = "Pods-RugRug.debug.xcconfig"; path = "Pods/Target Support Files/Pods-RugRug/Pods-RugRug.debug.xcconfig"; sourceTree = "<group>"; };
		B622C86550B85A948A5E0674 /* Pods_RugRug.framework */ = {isa = PBXFileReference; explicitFileType = wrapper.framework; includeInIndex = 0; path = Pods_RugRug.framework; sourceTree = BUILT_PRODUCTS_DIR; };
		DE05979B1B0E08B6203B8B5C /* Pods-RugRug.release.xcconfig */ = {isa = PBXFileReference; includeInIndex = 1; lastKnownFileType = text.xcconfig; name = "Pods-RugRug.release.xcconfig"; path = "Pods/Target Support Files/Pods-RugRug/Pods-RugRug.release.xcconfig"; sourceTree = "<group>"; };
/* End PBXFileReference section */

/* Begin PBXFrameworksBuildPhase section */
		31DB92DE21A7EC9000A2B6AF /* Frameworks */ = {
			isa = PBXFrameworksBuildPhase;
			buildActionMask = 2147483647;
			files = (
				9ED7BC96C7D7B2B31556E273 /* Pods_RugRug.framework in Frameworks */,
			);
			runOnlyForDeploymentPostprocessing = 0;
		};
/* End PBXFrameworksBuildPhase section */

/* Begin PBXGroup section */
		31280E9421AD3321008FDDEF /* AJAlertController */ = {
			isa = PBXGroup;
			children = (
				31280E9521AD3321008FDDEF /* AJAlertController.xib */,
				31280E9821AD3321008FDDEF /* AJAlertController.swift */,
			);
			path = AJAlertController;
			sourceTree = "<group>";
		};
		31DB92D821A7EC9000A2B6AF = {
			isa = PBXGroup;
			children = (
				31DB92E321A7EC9000A2B6AF /* RugRug */,
				31DB92E221A7EC9000A2B6AF /* Products */,
				7521879043381D58DAA6892E /* Pods */,
				7FE57CA4F2B8362FC454BCD8 /* Frameworks */,
			);
			sourceTree = "<group>";
		};
		31DB92E221A7EC9000A2B6AF /* Products */ = {
			isa = PBXGroup;
			children = (
				31DB92E121A7EC9000A2B6AF /* RugRug.app */,
			);
			name = Products;
			sourceTree = "<group>";
		};
		31DB92E321A7EC9000A2B6AF /* RugRug */ = {
			isa = PBXGroup;
			children = (
				31DB92E821A7EC9000A2B6AF /* Main.storyboard */,
				31DB92ED21A7EC9200A2B6AF /* LaunchScreen.storyboard */,
				31DB92E421A7EC9000A2B6AF /* AppDelegate.swift */,
				31DB92E621A7EC9000A2B6AF /* ViewController.swift */,
				31DB930221A8388800A2B6AF /* Initial.swift */,
				31DB92FA21A7F64C00A2B6AF /* Login.swift */,
				31DB92F821A7F62D00A2B6AF /* Home.swift */,
				31DB92FE21A7F6C800A2B6AF /* Post.swift */,
				31DB930621A8DB4400A2B6AF /* PostTableCell.swift */,
				31DB930721A8DB4400A2B6AF /* PostTableCell.xib */,
				31DB930E21A903DB00A2B6AF /* NewPost.swift */,
				31DB930C21A8FE0500A2B6AF /* Revise.swift */,
				31DB930021A7F6EC00A2B6AF /* Request.swift */,
				3169FE1521AE785C000E01A4 /* FAQ.swift */,
				3169FE1721AE79E6000E01A4 /* FAQTableCell.swift */,
				3169FE1821AE79E6000E01A4 /* FAQTableCell.xib */,
				31DB92FC21A7F66600A2B6AF /* Setting.swift */,
				3169FE1C21AFBBBD000E01A4 /* Manager.swift */,
				31DB930421A8D94900A2B6AF /* PostData.swift */,
				31DB930A21A8E97500A2B6AF /* Const.swift */,
				31EC171221AE43A70033E1F1 /* Const2.swift */,
				3169FE1E21AFDB0E000E01A4 /* Const3.swift */,
				31A5F49E21BB5DF700488A1D /* Const4.swift */,
				3169FE1B21AF5CD9000E01A4 /* RugRug-Bridging-Header.h */,
				31280E9421AD3321008FDDEF /* AJAlertController */,
				31DB931221A916A100A2B6AF /* Assets.xcassets */,
				31DB931421A916B300A2B6AF /* Images.xcassets */,
				31DB92F021A7EC9200A2B6AF /* Info.plist */,
				31DB92F621A7F23C00A2B6AF /* GoogleService-Info.plist */,
			);
			path = RugRug;
			sourceTree = "<group>";
		};
		7521879043381D58DAA6892E /* Pods */ = {
			isa = PBXGroup;
			children = (
				9748BEB0414ED82A1AF84D38 /* Pods-RugRug.debug.xcconfig */,
				DE05979B1B0E08B6203B8B5C /* Pods-RugRug.release.xcconfig */,
			);
			name = Pods;
			sourceTree = "<group>";
		};
		7FE57CA4F2B8362FC454BCD8 /* Frameworks */ = {
			isa = PBXGroup;
			children = (
				B622C86550B85A948A5E0674 /* Pods_RugRug.framework */,
			);
			name = Frameworks;
			sourceTree = "<group>";
		};
/* End PBXGroup section */

/* Begin PBXNativeTarget section */
		31DB92E021A7EC9000A2B6AF /* RugRug */ = {
			isa = PBXNativeTarget;
			buildConfigurationList = 31DB92F321A7EC9200A2B6AF /* Build configuration list for PBXNativeTarget "RugRug" */;
			buildPhases = (
				C4058501B68678964865EB13 /* [CP] Check Pods Manifest.lock */,
				31DB92DD21A7EC9000A2B6AF /* Sources */,
				31DB92DE21A7EC9000A2B6AF /* Frameworks */,
				31DB92DF21A7EC9000A2B6AF /* Resources */,
				336A6F065B080CCCC25DAAB7 /* [CP] Embed Pods Frameworks */,
			);
			buildRules = (
			);
			dependencies = (
			);
			name = RugRug;
			productName = RugRug;
			productReference = 31DB92E121A7EC9000A2B6AF /* RugRug.app */;
			productType = "com.apple.product-type.application";
		};
/* End PBXNativeTarget section */

/* Begin PBXProject section */
		31DB92D921A7EC9000A2B6AF /* Project object */ = {
			isa = PBXProject;
			attributes = {
				LastSwiftUpdateCheck = 0940;
				LastUpgradeCheck = 0940;
				ORGANIZATIONNAME = "高野翔";
				TargetAttributes = {
					31DB92E021A7EC9000A2B6AF = {
						CreatedOnToolsVersion = 9.4.1;
					};
				};
			};
			buildConfigurationList = 31DB92DC21A7EC9000A2B6AF /* Build configuration list for PBXProject "RugRug" */;
			compatibilityVersion = "Xcode 9.3";
			developmentRegion = en;
			hasScannedForEncodings = 0;
			knownRegions = (
				en,
				Base,
			);
			mainGroup = 31DB92D821A7EC9000A2B6AF;
			productRefGroup = 31DB92E221A7EC9000A2B6AF /* Products */;
			projectDirPath = "";
			projectRoot = "";
			targets = (
				31DB92E021A7EC9000A2B6AF /* RugRug */,
			);
		};
/* End PBXProject section */

/* Begin PBXResourcesBuildPhase section */
		31DB92DF21A7EC9000A2B6AF /* Resources */ = {
			isa = PBXResourcesBuildPhase;
			buildActionMask = 2147483647;
			files = (
				31DB92EF21A7EC9200A2B6AF /* LaunchScreen.storyboard in Resources */,
				3169FE1A21AE79E6000E01A4 /* FAQTableCell.xib in Resources */,
				31DB92F721A7F23C00A2B6AF /* GoogleService-Info.plist in Resources */,
				31DB92EA21A7EC9000A2B6AF /* Main.storyboard in Resources */,
				31DB931521A916B400A2B6AF /* Images.xcassets in Resources */,
				31DB930921A8DB4400A2B6AF /* PostTableCell.xib in Resources */,
				31DB931321A916A100A2B6AF /* Assets.xcassets in Resources */,
				31280E9921AD3322008FDDEF /* AJAlertController.xib in Resources */,
			);
			runOnlyForDeploymentPostprocessing = 0;
		};
/* End PBXResourcesBuildPhase section */

/* Begin PBXShellScriptBuildPhase section */
		336A6F065B080CCCC25DAAB7 /* [CP] Embed Pods Frameworks */ = {
			isa = PBXShellScriptBuildPhase;
			buildActionMask = 2147483647;
			files = (
			);
			inputPaths = (
				"${SRCROOT}/Pods/Target Support Files/Pods-RugRug/Pods-RugRug-frameworks.sh",
				"${BUILT_PRODUCTS_DIR}/Bolts/Bolts.framework",
				"${BUILT_PRODUCTS_DIR}/ESTabBarController/ESTabBarController.framework",
				"${BUILT_PRODUCTS_DIR}/FBSDKCoreKit/FBSDKCoreKit.framework",
				"${BUILT_PRODUCTS_DIR}/FBSDKLoginKit/FBSDKLoginKit.framework",
				"${BUILT_PRODUCTS_DIR}/FBSDKShareKit/FBSDKShareKit.framework",
				"${BUILT_PRODUCTS_DIR}/GTMSessionFetcher/GTMSessionFetcher.framework",
				"${BUILT_PRODUCTS_DIR}/GoogleUtilities/GoogleUtilities.framework",
				"${BUILT_PRODUCTS_DIR}/SVProgressHUD/SVProgressHUD.framework",
				"${BUILT_PRODUCTS_DIR}/leveldb-library/leveldb.framework",
				"${BUILT_PRODUCTS_DIR}/nanopb/nanopb.framework",
			);
			name = "[CP] Embed Pods Frameworks";
			outputPaths = (
				"${TARGET_BUILD_DIR}/${FRAMEWORKS_FOLDER_PATH}/Bolts.framework",
				"${TARGET_BUILD_DIR}/${FRAMEWORKS_FOLDER_PATH}/ESTabBarController.framework",
				"${TARGET_BUILD_DIR}/${FRAMEWORKS_FOLDER_PATH}/FBSDKCoreKit.framework",
				"${TARGET_BUILD_DIR}/${FRAMEWORKS_FOLDER_PATH}/FBSDKLoginKit.framework",
				"${TARGET_BUILD_DIR}/${FRAMEWORKS_FOLDER_PATH}/FBSDKShareKit.framework",
				"${TARGET_BUILD_DIR}/${FRAMEWORKS_FOLDER_PATH}/GTMSessionFetcher.framework",
				"${TARGET_BUILD_DIR}/${FRAMEWORKS_FOLDER_PATH}/GoogleUtilities.framework",
				"${TARGET_BUILD_DIR}/${FRAMEWORKS_FOLDER_PATH}/SVProgressHUD.framework",
				"${TARGET_BUILD_DIR}/${FRAMEWORKS_FOLDER_PATH}/leveldb.framework",
				"${TARGET_BUILD_DIR}/${FRAMEWORKS_FOLDER_PATH}/nanopb.framework",
			);
			runOnlyForDeploymentPostprocessing = 0;
			shellPath = /bin/sh;
			shellScript = "\"${SRCROOT}/Pods/Target Support Files/Pods-RugRug/Pods-RugRug-frameworks.sh\"\n";
			showEnvVarsInLog = 0;
		};
		C4058501B68678964865EB13 /* [CP] Check Pods Manifest.lock */ = {
			isa = PBXShellScriptBuildPhase;
			buildActionMask = 2147483647;
			files = (
			);
			inputPaths = (
				"${PODS_PODFILE_DIR_PATH}/Podfile.lock",
				"${PODS_ROOT}/Manifest.lock",
			);
			name = "[CP] Check Pods Manifest.lock";
			outputPaths = (
				"$(DERIVED_FILE_DIR)/Pods-RugRug-checkManifestLockResult.txt",
			);
			runOnlyForDeploymentPostprocessing = 0;
			shellPath = /bin/sh;
			shellScript = "diff \"${PODS_PODFILE_DIR_PATH}/Podfile.lock\" \"${PODS_ROOT}/Manifest.lock\" > /dev/null\nif [ $? != 0 ] ; then\n    # print error to STDERR\n    echo \"error: The sandbox is not in sync with the Podfile.lock. Run 'pod install' or update your CocoaPods installation.\" >&2\n    exit 1\nfi\n# This output is used by Xcode 'outputs' to avoid re-running this script phase.\necho \"SUCCESS\" > \"${SCRIPT_OUTPUT_FILE_0}\"\n";
			showEnvVarsInLog = 0;
		};
/* End PBXShellScriptBuildPhase section */

/* Begin PBXSourcesBuildPhase section */
		31DB92DD21A7EC9000A2B6AF /* Sources */ = {
			isa = PBXSourcesBuildPhase;
			buildActionMask = 2147483647;
			files = (
				31DB930821A8DB4400A2B6AF /* PostTableCell.swift in Sources */,
				31EC171321AE43A70033E1F1 /* Const2.swift in Sources */,
				31280E9C21AD3322008FDDEF /* AJAlertController.swift in Sources */,
				31A5F49F21BB5DF700488A1D /* Const4.swift in Sources */,
				31DB930D21A8FE0500A2B6AF /* Revise.swift in Sources */,
				31DB92FD21A7F66600A2B6AF /* Setting.swift in Sources */,
				31DB930F21A903DB00A2B6AF /* NewPost.swift in Sources */,
				31DB930521A8D94900A2B6AF /* PostData.swift in Sources */,
				3169FE1D21AFBBBD000E01A4 /* Manager.swift in Sources */,
				31DB92E721A7EC9000A2B6AF /* ViewController.swift in Sources */,
				31DB930321A8388800A2B6AF /* Initial.swift in Sources */,
				31DB92F921A7F62D00A2B6AF /* Home.swift in Sources */,
				31DB92FF21A7F6C800A2B6AF /* Post.swift in Sources */,
				31DB930121A7F6EC00A2B6AF /* Request.swift in Sources */,
				3169FE1621AE785C000E01A4 /* FAQ.swift in Sources */,
				31DB92E521A7EC9000A2B6AF /* AppDelegate.swift in Sources */,
				31DB92FB21A7F64C00A2B6AF /* Login.swift in Sources */,
				3169FE1921AE79E6000E01A4 /* FAQTableCell.swift in Sources */,
				3169FE1F21AFDB0E000E01A4 /* Const3.swift in Sources */,
				31DB930B21A8E97500A2B6AF /* Const.swift in Sources */,
			);
			runOnlyForDeploymentPostprocessing = 0;
		};
/* End PBXSourcesBuildPhase section */

/* Begin PBXVariantGroup section */
		31DB92E821A7EC9000A2B6AF /* Main.storyboard */ = {
			isa = PBXVariantGroup;
			children = (
				31DB92E921A7EC9000A2B6AF /* Base */,
			);
			name = Main.storyboard;
			sourceTree = "<group>";
		};
		31DB92ED21A7EC9200A2B6AF /* LaunchScreen.storyboard */ = {
			isa = PBXVariantGroup;
			children = (
				31DB92EE21A7EC9200A2B6AF /* Base */,
			);
			name = LaunchScreen.storyboard;
			sourceTree = "<group>";
		};
/* End PBXVariantGroup section */

/* Begin XCBuildConfiguration section */
		31DB92F121A7EC9200A2B6AF /* Debug */ = {
			isa = XCBuildConfiguration;
			buildSettings = {
				ALWAYS_SEARCH_USER_PATHS = NO;
				CLANG_ANALYZER_NONNULL = YES;
				CLANG_ANALYZER_NUMBER_OBJECT_CONVERSION = YES_AGGRESSIVE;
				CLANG_CXX_LANGUAGE_STANDARD = "gnu++14";
				CLANG_CXX_LIBRARY = "libc++";
				CLANG_ENABLE_MODULES = YES;
				CLANG_ENABLE_OBJC_ARC = YES;
				CLANG_ENABLE_OBJC_WEAK = YES;
				CLANG_WARN_BLOCK_CAPTURE_AUTORELEASING = YES;
				CLANG_WARN_BOOL_CONVERSION = YES;
				CLANG_WARN_COMMA = YES;
				CLANG_WARN_CONSTANT_CONVERSION = YES;
				CLANG_WARN_DEPRECATED_OBJC_IMPLEMENTATIONS = YES;
				CLANG_WARN_DIRECT_OBJC_ISA_USAGE = YES_ERROR;
				CLANG_WARN_DOCUMENTATION_COMMENTS = YES;
				CLANG_WARN_EMPTY_BODY = YES;
				CLANG_WARN_ENUM_CONVERSION = YES;
				CLANG_WARN_INFINITE_RECURSION = YES;
				CLANG_WARN_INT_CONVERSION = YES;
				CLANG_WARN_NON_LITERAL_NULL_CONVERSION = YES;
				CLANG_WARN_OBJC_IMPLICIT_RETAIN_SELF = YES;
				CLANG_WARN_OBJC_LITERAL_CONVERSION = YES;
				CLANG_WARN_OBJC_ROOT_CLASS = YES_ERROR;
				CLANG_WARN_RANGE_LOOP_ANALYSIS = YES;
				CLANG_WARN_STRICT_PROTOTYPES = YES;
				CLANG_WARN_SUSPICIOUS_MOVE = YES;
				CLANG_WARN_UNGUARDED_AVAILABILITY = YES_AGGRESSIVE;
				CLANG_WARN_UNREACHABLE_CODE = YES;
				CLANG_WARN__DUPLICATE_METHOD_MATCH = YES;
				CODE_SIGN_IDENTITY = "iPhone Developer";
				COPY_PHASE_STRIP = NO;
				DEBUG_INFORMATION_FORMAT = dwarf;
				ENABLE_STRICT_OBJC_MSGSEND = YES;
				ENABLE_TESTABILITY = YES;
				GCC_C_LANGUAGE_STANDARD = gnu11;
				GCC_DYNAMIC_NO_PIC = NO;
				GCC_NO_COMMON_BLOCKS = YES;
				GCC_OPTIMIZATION_LEVEL = 0;
				GCC_PREPROCESSOR_DEFINITIONS = (
					"DEBUG=1",
					"$(inherited)",
				);
				GCC_WARN_64_TO_32_BIT_CONVERSION = YES;
				GCC_WARN_ABOUT_RETURN_TYPE = YES_ERROR;
				GCC_WARN_UNDECLARED_SELECTOR = YES;
				GCC_WARN_UNINITIALIZED_AUTOS = YES_AGGRESSIVE;
				GCC_WARN_UNUSED_FUNCTION = YES;
				GCC_WARN_UNUSED_VARIABLE = YES;
				IPHONEOS_DEPLOYMENT_TARGET = 11.4;
				MTL_ENABLE_DEBUG_INFO = YES;
				ONLY_ACTIVE_ARCH = YES;
				SDKROOT = iphoneos;
				SWIFT_ACTIVE_COMPILATION_CONDITIONS = DEBUG;
				SWIFT_OPTIMIZATION_LEVEL = "-Onone";
			};
			name = Debug;
		};
		31DB92F221A7EC9200A2B6AF /* Release */ = {
			isa = XCBuildConfiguration;
			buildSettings = {
				ALWAYS_SEARCH_USER_PATHS = NO;
				CLANG_ANALYZER_NONNULL = YES;
				CLANG_ANALYZER_NUMBER_OBJECT_CONVERSION = YES_AGGRESSIVE;
				CLANG_CXX_LANGUAGE_STANDARD = "gnu++14";
				CLANG_CXX_LIBRARY = "libc++";
				CLANG_ENABLE_MODULES = YES;
				CLANG_ENABLE_OBJC_ARC = YES;
				CLANG_ENABLE_OBJC_WEAK = YES;
				CLANG_WARN_BLOCK_CAPTURE_AUTORELEASING = YES;
				CLANG_WARN_BOOL_CONVERSION = YES;
				CLANG_WARN_COMMA = YES;
				CLANG_WARN_CONSTANT_CONVERSION = YES;
				CLANG_WARN_DEPRECATED_OBJC_IMPLEMENTATIONS = YES;
				CLANG_WARN_DIRECT_OBJC_ISA_USAGE = YES_ERROR;
				CLANG_WARN_DOCUMENTATION_COMMENTS = YES;
				CLANG_WARN_EMPTY_BODY = YES;
				CLANG_WARN_ENUM_CONVERSION = YES;
				CLANG_WARN_INFINITE_RECURSION = YES;
				CLANG_WARN_INT_CONVERSION = YES;
				CLANG_WARN_NON_LITERAL_NULL_CONVERSION = YES;
				CLANG_WARN_OBJC_IMPLICIT_RETAIN_SELF = YES;
				CLANG_WARN_OBJC_LITERAL_CONVERSION = YES;
				CLANG_WARN_OBJC_ROOT_CLASS = YES_ERROR;
				CLANG_WARN_RANGE_LOOP_ANALYSIS = YES;
				CLANG_WARN_STRICT_PROTOTYPES = YES;
				CLANG_WARN_SUSPICIOUS_MOVE = YES;
				CLANG_WARN_UNGUARDED_AVAILABILITY = YES_AGGRESSIVE;
				CLANG_WARN_UNREACHABLE_CODE = YES;
				CLANG_WARN__DUPLICATE_METHOD_MATCH = YES;
				CODE_SIGN_IDENTITY = "iPhone Developer";
				COPY_PHASE_STRIP = NO;
				DEBUG_INFORMATION_FORMAT = "dwarf-with-dsym";
				ENABLE_NS_ASSERTIONS = NO;
				ENABLE_STRICT_OBJC_MSGSEND = YES;
				GCC_C_LANGUAGE_STANDARD = gnu11;
				GCC_NO_COMMON_BLOCKS = YES;
				GCC_WARN_64_TO_32_BIT_CONVERSION = YES;
				GCC_WARN_ABOUT_RETURN_TYPE = YES_ERROR;
				GCC_WARN_UNDECLARED_SELECTOR = YES;
				GCC_WARN_UNINITIALIZED_AUTOS = YES_AGGRESSIVE;
				GCC_WARN_UNUSED_FUNCTION = YES;
				GCC_WARN_UNUSED_VARIABLE = YES;
				IPHONEOS_DEPLOYMENT_TARGET = 11.4;
				MTL_ENABLE_DEBUG_INFO = NO;
				SDKROOT = iphoneos;
				SWIFT_COMPILATION_MODE = wholemodule;
				SWIFT_OPTIMIZATION_LEVEL = "-O";
				VALIDATE_PRODUCT = YES;
			};
			name = Release;
		};
		31DB92F421A7EC9200A2B6AF /* Debug */ = {
			isa = XCBuildConfiguration;
			baseConfigurationReference = 9748BEB0414ED82A1AF84D38 /* Pods-RugRug.debug.xcconfig */;
			buildSettings = {
				ASSETCATALOG_COMPILER_APPICON_NAME = AppIcon;
				ASSETCATALOG_COMPILER_LAUNCHIMAGE_NAME = LaunchImage;
				CODE_SIGN_STYLE = Automatic;
				DEVELOPMENT_TEAM = 75X3T7895K;
				INFOPLIST_FILE = RugRug/Info.plist;
				IPHONEOS_DEPLOYMENT_TARGET = 11.4;
				LD_RUNPATH_SEARCH_PATHS = (
					"$(inherited)",
					"@executable_path/Frameworks",
				);
				PRODUCT_BUNDLE_IDENTIFIER = ST.RugRug;
				PRODUCT_NAME = "$(TARGET_NAME)";
				SWIFT_OBJC_BRIDGING_HEADER = "RugRug/RugRug-Bridging-Header.h";
				SWIFT_VERSION = 4.0;
				TARGETED_DEVICE_FAMILY = 1;
			};
			name = Debug;
		};
		31DB92F521A7EC9200A2B6AF /* Release */ = {
			isa = XCBuildConfiguration;
			baseConfigurationReference = DE05979B1B0E08B6203B8B5C /* Pods-RugRug.release.xcconfig */;
			buildSettings = {
				ASSETCATALOG_COMPILER_APPICON_NAME = AppIcon;
				ASSETCATALOG_COMPILER_LAUNCHIMAGE_NAME = LaunchImage;
				CODE_SIGN_STYLE = Automatic;
				DEVELOPMENT_TEAM = 75X3T7895K;
				INFOPLIST_FILE = RugRug/Info.plist;
				IPHONEOS_DEPLOYMENT_TARGET = 11.4;
				LD_RUNPATH_SEARCH_PATHS = (
					"$(inherited)",
					"@executable_path/Frameworks",
				);
				PRODUCT_BUNDLE_IDENTIFIER = ST.RugRug;
				PRODUCT_NAME = "$(TARGET_NAME)";
				SWIFT_OBJC_BRIDGING_HEADER = "RugRug/RugRug-Bridging-Header.h";
				SWIFT_VERSION = 4.0;
				TARGETED_DEVICE_FAMILY = 1;
			};
			name = Release;
		};
/* End XCBuildConfiguration section */

/* Begin XCConfigurationList section */
		31DB92DC21A7EC9000A2B6AF /* Build configuration list for PBXProject "RugRug" */ = {
			isa = XCConfigurationList;
			buildConfigurations = (
				31DB92F121A7EC9200A2B6AF /* Debug */,
				31DB92F221A7EC9200A2B6AF /* Release */,
			);
			defaultConfigurationIsVisible = 0;
			defaultConfigurationName = Release;
		};
		31DB92F321A7EC9200A2B6AF /* Build configuration list for PBXNativeTarget "RugRug" */ = {
			isa = XCConfigurationList;
			buildConfigurations = (
				31DB92F421A7EC9200A2B6AF /* Debug */,
				31DB92F521A7EC9200A2B6AF /* Release */,
			);
			defaultConfigurationIsVisible = 0;
			defaultConfigurationName = Release;
		};
/* End XCConfigurationList section */
	};
	rootObject = 31DB92D921A7EC9000A2B6AF /* Project object */;
}
